
Microsoft Visual Studio Solution File, Format Version 12.00
# Visual Studio Version 17
VisualStudioVersion = 17.4.33122.133
MinimumVisualStudioVersion = 10.0.40219.1
Project("{2150E333-8FDC-42A3-9474-1A3956D46DE8}") = "tests", "tests", "{8191DFE8-28FB-4584-A10A-EC96F6347B07}"
EndProject
Project("{9A19103F-16F7-4668-BE54-9A1E7A4F7556}") = "Ao.Middleware.Test", "tests\Ao.Middleware.Test\Ao.Middleware.Test.csproj", "{1CA5C79D-1811-4D91-A882-ED6BB553E41E}"
EndProject
Project("{9A19103F-16F7-4668-BE54-9A1E7A4F7556}") = "Ao.Middleware", "src\Ao.Middleware\Ao.Middleware.csproj", "{C5262E09-C1EC-491C-B497-927F47F624D8}"
EndProject
Project("{2150E333-8FDC-42A3-9474-1A3956D46DE8}") = "samples", "samples", "{2EF8E182-EB31-4B4B-8541-00035B6A8626}"
EndProject
Project("{9A19103F-16F7-4668-BE54-9A1E7A4F7556}") = "Ao.Middleware.Samples", "samples\Ao.Middleware.Samples\Ao.Middleware.Samples.csproj", "{52022F24-8A68-42A5-900B-0AD05F8D1AE2}"
EndProject
Project("{9A19103F-16F7-4668-BE54-9A1E7A4F7556}") = "Ao.Middleware.Benchmark", "tests\Ao.Middleware.Benchmark\Ao.Middleware.Benchmark.csproj", "{D330CDAA-072E-4746-B31B-4FD3B6442833}"
EndProject
Project("{9A19103F-16F7-4668-BE54-9A1E7A4F7556}") = "Ao.Middleware.Samples.Flows", "samples\Ao.Middleware.Samples.Flows\Ao.Middleware.Samples.Flows.csproj", "{13DE71C9-8AAB-432E-92BA-6777EEBC0E39}"
EndProject
Project("{9A19103F-16F7-4668-BE54-9A1E7A4F7556}") = "Ao.Middleware.DataWash", "src\Ao.Middleware.DataWash\Ao.Middleware.DataWash.csproj", "{210ED8CC-1B37-494D-8A6E-EF25C79EC7A1}"
EndProject
Project("{9A19103F-16F7-4668-BE54-9A1E7A4F7556}") = "Ao.Middleware.DataWash.Test", "tests\Ao.Middleware.DataWash.Test\Ao.Middleware.DataWash.Test.csproj", "{B1CC7647-BE48-4357-A19C-317F1564B290}"
EndProject
Project("{2150E333-8FDC-42A3-9474-1A3956D46DE8}") = "Solution", "Solution", "{46158D76-AFDF-4D5B-9F23-A7CD8EE11423}"
	ProjectSection(SolutionItems) = preProject
		Directory.Build.props = Directory.Build.props
	EndProjectSection
EndProject
Global
	GlobalSection(SolutionConfigurationPlatforms) = preSolution
		Debug|Any CPU = Debug|Any CPU
		Release|Any CPU = Release|Any CPU
	EndGlobalSection
	GlobalSection(ProjectConfigurationPlatforms) = postSolution
		{1CA5C79D-1811-4D91-A882-ED6BB553E41E}.Debug|Any CPU.ActiveCfg = Debug|Any CPU
		{1CA5C79D-1811-4D91-A882-ED6BB553E41E}.Debug|Any CPU.Build.0 = Debug|Any CPU
		{1CA5C79D-1811-4D91-A882-ED6BB553E41E}.Release|Any CPU.ActiveCfg = Release|Any CPU
		{1CA5C79D-1811-4D91-A882-ED6BB553E41E}.Release|Any CPU.Build.0 = Release|Any CPU
		{C5262E09-C1EC-491C-B497-927F47F624D8}.Debug|Any CPU.ActiveCfg = Debug|Any CPU
		{C5262E09-C1EC-491C-B497-927F47F624D8}.Debug|Any CPU.Build.0 = Debug|Any CPU
		{C5262E09-C1EC-491C-B497-927F47F624D8}.Release|Any CPU.ActiveCfg = Release|Any CPU
		{C5262E09-C1EC-491C-B497-927F47F624D8}.Release|Any CPU.Build.0 = Release|Any CPU
		{52022F24-8A68-42A5-900B-0AD05F8D1AE2}.Debug|Any CPU.ActiveCfg = Debug|Any CPU
		{52022F24-8A68-42A5-900B-0AD05F8D1AE2}.Debug|Any CPU.Build.0 = Debug|Any CPU
		{52022F24-8A68-42A5-900B-0AD05F8D1AE2}.Release|Any CPU.ActiveCfg = Release|Any CPU
		{52022F24-8A68-42A5-900B-0AD05F8D1AE2}.Release|Any CPU.Build.0 = Release|Any CPU
		{D330CDAA-072E-4746-B31B-4FD3B6442833}.Debug|Any CPU.ActiveCfg = Debug|Any CPU
		{D330CDAA-072E-4746-B31B-4FD3B6442833}.Debug|Any CPU.Build.0 = Debug|Any CPU
		{D330CDAA-072E-4746-B31B-4FD3B6442833}.Release|Any CPU.ActiveCfg = Release|Any CPU
		{D330CDAA-072E-4746-B31B-4FD3B6442833}.Release|Any CPU.Build.0 = Release|Any CPU
		{13DE71C9-8AAB-432E-92BA-6777EEBC0E39}.Debug|Any CPU.ActiveCfg = Debug|Any CPU
		{13DE71C9-8AAB-432E-92BA-6777EEBC0E39}.Debug|Any CPU.Build.0 = Debug|Any CPU
		{13DE71C9-8AAB-432E-92BA-6777EEBC0E39}.Release|Any CPU.ActiveCfg = Release|Any CPU
		{13DE71C9-8AAB-432E-92BA-6777EEBC0E39}.Release|Any CPU.Build.0 = Release|Any CPU
		{210ED8CC-1B37-494D-8A6E-EF25C79EC7A1}.Debug|Any CPU.ActiveCfg = Debug|Any CPU
		{210ED8CC-1B37-494D-8A6E-EF25C79EC7A1}.Debug|Any CPU.Build.0 = Debug|Any CPU
		{210ED8CC-1B37-494D-8A6E-EF25C79EC7A1}.Release|Any CPU.ActiveCfg = Release|Any CPU
		{210ED8CC-1B37-494D-8A6E-EF25C79EC7A1}.Release|Any CPU.Build.0 = Release|Any CPU
		{B1CC7647-BE48-4357-A19C-317F1564B290}.Debug|Any CPU.ActiveCfg = Debug|Any CPU
		{B1CC7647-BE48-4357-A19C-317F1564B290}.Debug|Any CPU.Build.0 = Debug|Any CPU
		{B1CC7647-BE48-4357-A19C-317F1564B290}.Release|Any CPU.ActiveCfg = Release|Any CPU
		{B1CC7647-BE48-4357-A19C-317F1564B290}.Release|Any CPU.Build.0 = Release|Any CPU
	EndGlobalSection
	GlobalSection(SolutionProperties) = preSolution
		HideSolutionNode = FALSE
	EndGlobalSection
	GlobalSection(NestedProjects) = preSolution
		{1CA5C79D-1811-4D91-A882-ED6BB553E41E} = {8191DFE8-28FB-4584-A10A-EC96F6347B07}
		{52022F24-8A68-42A5-900B-0AD05F8D1AE2} = {2EF8E182-EB31-4B4B-8541-00035B6A8626}
		{D330CDAA-072E-4746-B31B-4FD3B6442833} = {8191DFE8-28FB-4584-A10A-EC96F6347B07}
		{13DE71C9-8AAB-432E-92BA-6777EEBC0E39} = {2EF8E182-EB31-4B4B-8541-00035B6A8626}
		{B1CC7647-BE48-4357-A19C-317F1564B290} = {8191DFE8-28FB-4584-A10A-EC96F6347B07}
	EndGlobalSection
	GlobalSection(ExtensibilityGlobals) = postSolution
		SolutionGuid = {4CAFE01D-EFF3-4265-999A-77F1EDBD5692}
	EndGlobalSection
EndGlobal
